
Microsoft Visual Studio Solution File, Format Version 12.00
# Visual Studio Version 17
VisualStudioVersion = 17.7.34024.191
MinimumVisualStudioVersion = 10.0.40219.1
Project("{FAE04EC0-301F-11D3-BF4B-00C04F79EFBC}") = "Area and Perimeter", "Area and Perimeter\Area and Perimeter.csproj", "{72E81F4C-6C76-4F56-976C-67BE668763AE}"
EndProject
Global
	GlobalSection(SolutionConfigurationPlatforms) = preSolution
		Debug|Any CPU = Debug|Any CPU
		Release|Any CPU = Release|Any CPU
	EndGlobalSection
	GlobalSection(ProjectConfigurationPlatforms) = postSolution
		{72E81F4C-6C76-4F56-976C-67BE668763AE}.Debug|Any CPU.ActiveCfg = Debug|Any CPU
		{72E81F4C-6C76-4F56-976C-67BE668763AE}.Debug|Any CPU.Build.0 = Debug|Any CPU
		{72E81F4C-6C76-4F56-976C-67BE668763AE}.Release|Any CPU.ActiveCfg = Release|Any CPU
		{72E81F4C-6C76-4F56-976C-67BE668763AE}.Release|Any CPU.Build.0 = Release|Any CPU
	EndGlobalSection
	GlobalSection(SolutionProperties) = preSolution
		HideSolutionNode = FALSE
	EndGlobalSection
	GlobalSection(ExtensibilityGlobals) = postSolution
		SolutionGuid = {D861364E-7966-43EE-9B28-DD816670CCF2}
	EndGlobalSection
EndGlobal
